
Microsoft Visual Studio Solution File, Format Version 12.00
# Visual Studio Version 16
VisualStudioVersion = 16.0.30804.86
MinimumVisualStudioVersion = 10.0.40219.1
Project("{FAE04EC0-301F-11D3-BF4B-00C04F79EFBC}") = "WcfService", "WcfService\WcfService.csproj", "{643DD91F-3704-49FD-8AB1-1E182979D3D1}"
EndProject
Global
	GlobalSection(SolutionConfigurationPlatforms) = preSolution
		Debug|Any CPU = Debug|Any CPU
		Release|Any CPU = Release|Any CPU
	EndGlobalSection
	GlobalSection(ProjectConfigurationPlatforms) = postSolution
		{643DD91F-3704-49FD-8AB1-1E182979D3D1}.Debug|Any CPU.ActiveCfg = Debug|Any CPU
		{643DD91F-3704-49FD-8AB1-1E182979D3D1}.Debug|Any CPU.Build.0 = Debug|Any CPU
		{643DD91F-3704-49FD-8AB1-1E182979D3D1}.Release|Any CPU.ActiveCfg = Release|Any CPU
		{643DD91F-3704-49FD-8AB1-1E182979D3D1}.Release|Any CPU.Build.0 = Release|Any CPU
	EndGlobalSection
	GlobalSection(SolutionProperties) = preSolution
		HideSolutionNode = FALSE
	EndGlobalSection
	GlobalSection(ExtensibilityGlobals) = postSolution
		SolutionGuid = {DA210B2C-04DE-402A-81C2-DAD2D7DCFA63}
	EndGlobalSection
EndGlobal
